
Microsoft Visual Studio Solution File, Format Version 12.00
# Visual Studio Version 17
VisualStudioVersion = 17.13.35931.197 d17.13
MinimumVisualStudioVersion = 10.0.40219.1
Project("{FAE04EC0-301F-11D3-BF4B-00C04F79EFBC}") = "TrabajoPraactico-Programación3", "TrabajoPraactico-Programación3.csproj", "{A3459714-5418-4FA2-BDB3-DF513A716B4D}"
EndProject
Global
	GlobalSection(SolutionConfigurationPlatforms) = preSolution
		Debug|Any CPU = Debug|Any CPU
		Release|Any CPU = Release|Any CPU
	EndGlobalSection
	GlobalSection(ProjectConfigurationPlatforms) = postSolution
		{A3459714-5418-4FA2-BDB3-DF513A716B4D}.Debug|Any CPU.ActiveCfg = Debug|Any CPU
		{A3459714-5418-4FA2-BDB3-DF513A716B4D}.Debug|Any CPU.Build.0 = Debug|Any CPU
		{A3459714-5418-4FA2-BDB3-DF513A716B4D}.Release|Any CPU.ActiveCfg = Release|Any CPU
		{A3459714-5418-4FA2-BDB3-DF513A716B4D}.Release|Any CPU.Build.0 = Release|Any CPU
	EndGlobalSection
	GlobalSection(SolutionProperties) = preSolution
		HideSolutionNode = FALSE
	EndGlobalSection
	GlobalSection(ExtensibilityGlobals) = postSolution
		SolutionGuid = {7382EFB1-37C3-42D3-99A0-293122031A68}
	EndGlobalSection
EndGlobal
